
Microsoft Visual Studio Solution File, Format Version 12.00
# Visual Studio Version 17
VisualStudioVersion = 17.5.33516.290
MinimumVisualStudioVersion = 10.0.40219.1
Project("{9A19103F-16F7-4668-BE54-9A1E7A4F7556}") = "dotNETCoreWebAppMVC", "dotNETCoreWebAppMVC\dotNETCoreWebAppMVC.csproj", "{17B0D2FA-99A4-4B3A-AFC9-5DA61D635C4F}"
EndProject
Project("{FAE04EC0-301F-11D3-BF4B-00C04F79EFBC}") = "WebAPI", "WebAPI\WebAPI.csproj", "{A8827D39-AAB9-4AC1-83F0-517A8ADED582}"
EndProject
Global
	GlobalSection(SolutionConfigurationPlatforms) = preSolution
		Debug|Any CPU = Debug|Any CPU
		Release|Any CPU = Release|Any CPU
	EndGlobalSection
	GlobalSection(ProjectConfigurationPlatforms) = postSolution
		{17B0D2FA-99A4-4B3A-AFC9-5DA61D635C4F}.Debug|Any CPU.ActiveCfg = Debug|Any CPU
		{17B0D2FA-99A4-4B3A-AFC9-5DA61D635C4F}.Debug|Any CPU.Build.0 = Debug|Any CPU
		{17B0D2FA-99A4-4B3A-AFC9-5DA61D635C4F}.Release|Any CPU.ActiveCfg = Release|Any CPU
		{17B0D2FA-99A4-4B3A-AFC9-5DA61D635C4F}.Release|Any CPU.Build.0 = Release|Any CPU
		{A8827D39-AAB9-4AC1-83F0-517A8ADED582}.Debug|Any CPU.ActiveCfg = Debug|Any CPU
		{A8827D39-AAB9-4AC1-83F0-517A8ADED582}.Debug|Any CPU.Build.0 = Debug|Any CPU
		{A8827D39-AAB9-4AC1-83F0-517A8ADED582}.Release|Any CPU.ActiveCfg = Release|Any CPU
		{A8827D39-AAB9-4AC1-83F0-517A8ADED582}.Release|Any CPU.Build.0 = Release|Any CPU
	EndGlobalSection
	GlobalSection(SolutionProperties) = preSolution
		HideSolutionNode = FALSE
	EndGlobalSection
	GlobalSection(ExtensibilityGlobals) = postSolution
		SolutionGuid = {24AF8671-03BC-49CD-A80F-EFD2CD22D3B8}
	EndGlobalSection
EndGlobal
